
Microsoft Visual Studio Solution File, Format Version 12.00
# Visual Studio 15
VisualStudioVersion = 15.0.26228.4
MinimumVisualStudioVersion = 10.0.40219.1
Project("{2150E333-8FDC-42A3-9474-1A3956D46DE8}") = "ReplayToolbox", "ReplayToolbox", "{77D84767-D7A5-4B83-8EAC-4C6CFA1921FF}"
EndProject
Project("{FAE04EC0-301F-11D3-BF4B-00C04F79EFBC}") = "ReplayToolbox", "ReplayToolbox\ReplayToolbox.csproj", "{254B70F2-6EAA-490F-B083-2E835A88B576}"
EndProject
Global
	GlobalSection(SolutionConfigurationPlatforms) = preSolution
		Debug|Any CPU = Debug|Any CPU
		Release|Any CPU = Release|Any CPU
	EndGlobalSection
	GlobalSection(ProjectConfigurationPlatforms) = postSolution
		{254B70F2-6EAA-490F-B083-2E835A88B576}.Debug|Any CPU.ActiveCfg = Debug|Any CPU
		{254B70F2-6EAA-490F-B083-2E835A88B576}.Debug|Any CPU.Build.0 = Debug|Any CPU
		{254B70F2-6EAA-490F-B083-2E835A88B576}.Release|Any CPU.ActiveCfg = Release|Any CPU
		{254B70F2-6EAA-490F-B083-2E835A88B576}.Release|Any CPU.Build.0 = Release|Any CPU
	EndGlobalSection
	GlobalSection(SolutionProperties) = preSolution
		HideSolutionNode = FALSE
	EndGlobalSection
	GlobalSection(NestedProjects) = preSolution
		{254B70F2-6EAA-490F-B083-2E835A88B576} = {77D84767-D7A5-4B83-8EAC-4C6CFA1921FF}
	EndGlobalSection
EndGlobal
