
Microsoft Visual Studio Solution File, Format Version 12.00
# Visual Studio 15
VisualStudioVersion = 15.0.26228.4
MinimumVisualStudioVersion = 10.0.40219.1
Project("{2150E333-8FDC-42A3-9474-1A3956D46DE8}") = "ReplayToolbox", "ReplayToolbox", "{77D84767-D7A5-4B83-8EAC-4C6CFA1921FF}"
EndProject
Project("{FAE04EC0-301F-11D3-BF4B-00C04F79EFBC}") = "ReplayToolbox", "ReplayToolbox\ReplayToolbox.csproj", "{254B70F2-6EAA-490F-B083-2E835A88B576}"
EndProject
Project("{2150E333-8FDC-42A3-9474-1A3956D46DE8}") = "DeckToolbox", "DeckToolbox", "{E4671F19-B528-458F-9490-494C24F12595}"
EndProject
Project("{FAE04EC0-301F-11D3-BF4B-00C04F79EFBC}") = "DeckToolbox", "DeckToolbox\DeckToolbox.csproj", "{F39870E1-4A36-4970-8038-324065261209}"
EndProject
Project("{FAE04EC0-301F-11D3-BF4B-00C04F79EFBC}") = "DeckToolbox.Tests", "DeckToolbox.Tests\DeckToolbox.Tests.csproj", "{69044E58-A7D8-4106-BE92-73B4D6EF3016}"
EndProject
Project("{2150E333-8FDC-42A3-9474-1A3956D46DE8}") = "DeckUtilities", "DeckUtilities", "{5AF619E9-20EF-464F-8E73-8AB8B2E895B7}"
EndProject
Project("{FAE04EC0-301F-11D3-BF4B-00C04F79EFBC}") = "DataExtractor", "DeckUtilities\DataExtractor\DataExtractor.csproj", "{344CF4F1-4F70-4BAF-B12D-3D2DB2220F76}"
EndProject
Project("{FAE04EC0-301F-11D3-BF4B-00C04F79EFBC}") = "moddingSuite", "DeckUtilities\WrdTools\moddingSuite\moddingSuite.csproj", "{ED8773BC-C0F3-45E2-A182-07A06260F1F7}"
EndProject
Project("{FAE04EC0-301F-11D3-BF4B-00C04F79EFBC}") = "DataExtractor.Tests", "DeckUtilities\DataExtractor.Tests\DataExtractor.Tests.csproj", "{A3E78F8A-D75C-4C4C-9658-D72570F6BD29}"
EndProject
Project("{FAE04EC0-301F-11D3-BF4B-00C04F79EFBC}") = "ReplayToolbox.Tests", "ReplayToolbox.Tests\ReplayToolbox.Tests.csproj", "{66E5E308-B788-4C8A-BB51-8B8A618AD26F}"
EndProject
Global
	GlobalSection(SolutionConfigurationPlatforms) = preSolution
		Debug|Any CPU = Debug|Any CPU
		Release|Any CPU = Release|Any CPU
	EndGlobalSection
	GlobalSection(ProjectConfigurationPlatforms) = postSolution
		{254B70F2-6EAA-490F-B083-2E835A88B576}.Debug|Any CPU.ActiveCfg = Debug|Any CPU
		{254B70F2-6EAA-490F-B083-2E835A88B576}.Debug|Any CPU.Build.0 = Debug|Any CPU
		{254B70F2-6EAA-490F-B083-2E835A88B576}.Release|Any CPU.ActiveCfg = Release|Any CPU
		{254B70F2-6EAA-490F-B083-2E835A88B576}.Release|Any CPU.Build.0 = Release|Any CPU
		{F39870E1-4A36-4970-8038-324065261209}.Debug|Any CPU.ActiveCfg = Debug|Any CPU
		{F39870E1-4A36-4970-8038-324065261209}.Debug|Any CPU.Build.0 = Debug|Any CPU
		{F39870E1-4A36-4970-8038-324065261209}.Release|Any CPU.ActiveCfg = Release|Any CPU
		{F39870E1-4A36-4970-8038-324065261209}.Release|Any CPU.Build.0 = Release|Any CPU
		{69044E58-A7D8-4106-BE92-73B4D6EF3016}.Debug|Any CPU.ActiveCfg = Debug|Any CPU
		{69044E58-A7D8-4106-BE92-73B4D6EF3016}.Debug|Any CPU.Build.0 = Debug|Any CPU
		{69044E58-A7D8-4106-BE92-73B4D6EF3016}.Release|Any CPU.ActiveCfg = Release|Any CPU
		{69044E58-A7D8-4106-BE92-73B4D6EF3016}.Release|Any CPU.Build.0 = Release|Any CPU
		{344CF4F1-4F70-4BAF-B12D-3D2DB2220F76}.Debug|Any CPU.ActiveCfg = Debug|Any CPU
		{344CF4F1-4F70-4BAF-B12D-3D2DB2220F76}.Debug|Any CPU.Build.0 = Debug|Any CPU
		{344CF4F1-4F70-4BAF-B12D-3D2DB2220F76}.Release|Any CPU.ActiveCfg = Release|Any CPU
		{344CF4F1-4F70-4BAF-B12D-3D2DB2220F76}.Release|Any CPU.Build.0 = Release|Any CPU
		{ED8773BC-C0F3-45E2-A182-07A06260F1F7}.Debug|Any CPU.ActiveCfg = Debug|Any CPU
		{ED8773BC-C0F3-45E2-A182-07A06260F1F7}.Debug|Any CPU.Build.0 = Debug|Any CPU
		{ED8773BC-C0F3-45E2-A182-07A06260F1F7}.Release|Any CPU.ActiveCfg = Release|Any CPU
		{ED8773BC-C0F3-45E2-A182-07A06260F1F7}.Release|Any CPU.Build.0 = Release|Any CPU
		{A3E78F8A-D75C-4C4C-9658-D72570F6BD29}.Debug|Any CPU.ActiveCfg = Debug|Any CPU
		{A3E78F8A-D75C-4C4C-9658-D72570F6BD29}.Debug|Any CPU.Build.0 = Debug|Any CPU
		{A3E78F8A-D75C-4C4C-9658-D72570F6BD29}.Release|Any CPU.ActiveCfg = Release|Any CPU
		{A3E78F8A-D75C-4C4C-9658-D72570F6BD29}.Release|Any CPU.Build.0 = Release|Any CPU
		{66E5E308-B788-4C8A-BB51-8B8A618AD26F}.Debug|Any CPU.ActiveCfg = Debug|Any CPU
		{66E5E308-B788-4C8A-BB51-8B8A618AD26F}.Debug|Any CPU.Build.0 = Debug|Any CPU
		{66E5E308-B788-4C8A-BB51-8B8A618AD26F}.Release|Any CPU.ActiveCfg = Release|Any CPU
		{66E5E308-B788-4C8A-BB51-8B8A618AD26F}.Release|Any CPU.Build.0 = Release|Any CPU
	EndGlobalSection
	GlobalSection(SolutionProperties) = preSolution
		HideSolutionNode = FALSE
	EndGlobalSection
	GlobalSection(NestedProjects) = preSolution
		{254B70F2-6EAA-490F-B083-2E835A88B576} = {77D84767-D7A5-4B83-8EAC-4C6CFA1921FF}
		{F39870E1-4A36-4970-8038-324065261209} = {E4671F19-B528-458F-9490-494C24F12595}
		{69044E58-A7D8-4106-BE92-73B4D6EF3016} = {E4671F19-B528-458F-9490-494C24F12595}
		{344CF4F1-4F70-4BAF-B12D-3D2DB2220F76} = {5AF619E9-20EF-464F-8E73-8AB8B2E895B7}
		{ED8773BC-C0F3-45E2-A182-07A06260F1F7} = {5AF619E9-20EF-464F-8E73-8AB8B2E895B7}
		{A3E78F8A-D75C-4C4C-9658-D72570F6BD29} = {5AF619E9-20EF-464F-8E73-8AB8B2E895B7}
		{66E5E308-B788-4C8A-BB51-8B8A618AD26F} = {77D84767-D7A5-4B83-8EAC-4C6CFA1921FF}
	EndGlobalSection
EndGlobal
